
Microsoft Visual Studio Solution File, Format Version 12.00
# Visual Studio Version 16
VisualStudioVersion = 16.0.30711.63
MinimumVisualStudioVersion = 10.0.40219.1
Project("{FAE04EC0-301F-11D3-BF4B-00C04F79EFBC}") = "MarkBalisi.Texting-API", "MarkBalisi.Texting-API\MarkBalisi.Texting-API.csproj", "{D5619B98-302F-41D9-A3A0-21BC90B5BB5A}"
EndProject
Global
	GlobalSection(SolutionConfigurationPlatforms) = preSolution
		Debug|Any CPU = Debug|Any CPU
		Release|Any CPU = Release|Any CPU
	EndGlobalSection
	GlobalSection(ProjectConfigurationPlatforms) = postSolution
		{D5619B98-302F-41D9-A3A0-21BC90B5BB5A}.Debug|Any CPU.ActiveCfg = Debug|Any CPU
		{D5619B98-302F-41D9-A3A0-21BC90B5BB5A}.Debug|Any CPU.Build.0 = Debug|Any CPU
		{D5619B98-302F-41D9-A3A0-21BC90B5BB5A}.Release|Any CPU.ActiveCfg = Release|Any CPU
		{D5619B98-302F-41D9-A3A0-21BC90B5BB5A}.Release|Any CPU.Build.0 = Release|Any CPU
	EndGlobalSection
	GlobalSection(SolutionProperties) = preSolution
		HideSolutionNode = FALSE
	EndGlobalSection
	GlobalSection(ExtensibilityGlobals) = postSolution
		SolutionGuid = {0E506B37-3FC2-44BD-BCCB-250920672768}
	EndGlobalSection
EndGlobal
